
Microsoft Visual Studio Solution File, Format Version 12.00
# Visual Studio Version 17
VisualStudioVersion = 17.14.36518.9
MinimumVisualStudioVersion = 10.0.40219.1
Project("{FAE04EC0-301F-11D3-BF4B-00C04F79EFBC}") = "HotelBookingSystem", "Hotel Booking System App\HotelBookingSystem.csproj", "{707203DC-15E6-7B9E-B9A0-3D5FE352546B}"
EndProject
Project("{FAE04EC0-301F-11D3-BF4B-00C04F79EFBC}") = "Hotel Booking System Tests", "Hotel Booking System Tests\Hotel Booking System Tests.csproj", "{7A07D055-43C2-F294-D308-19FF1CA72941}"
EndProject
Global
	GlobalSection(SolutionConfigurationPlatforms) = preSolution
		Debug|Any CPU = Debug|Any CPU
		Release|Any CPU = Release|Any CPU
	EndGlobalSection
	GlobalSection(ProjectConfigurationPlatforms) = postSolution
		{707203DC-15E6-7B9E-B9A0-3D5FE352546B}.Debug|Any CPU.ActiveCfg = Debug|Any CPU
		{707203DC-15E6-7B9E-B9A0-3D5FE352546B}.Debug|Any CPU.Build.0 = Debug|Any CPU
		{707203DC-15E6-7B9E-B9A0-3D5FE352546B}.Release|Any CPU.ActiveCfg = Release|Any CPU
		{707203DC-15E6-7B9E-B9A0-3D5FE352546B}.Release|Any CPU.Build.0 = Release|Any CPU
		{7A07D055-43C2-F294-D308-19FF1CA72941}.Debug|Any CPU.ActiveCfg = Debug|Any CPU
		{7A07D055-43C2-F294-D308-19FF1CA72941}.Debug|Any CPU.Build.0 = Debug|Any CPU
		{7A07D055-43C2-F294-D308-19FF1CA72941}.Release|Any CPU.ActiveCfg = Release|Any CPU
		{7A07D055-43C2-F294-D308-19FF1CA72941}.Release|Any CPU.Build.0 = Release|Any CPU
	EndGlobalSection
	GlobalSection(SolutionProperties) = preSolution
		HideSolutionNode = FALSE
	EndGlobalSection
	GlobalSection(ExtensibilityGlobals) = postSolution
		SolutionGuid = {EF32D345-74E6-4BCD-8062-45C76B774201}
	EndGlobalSection
EndGlobal
